
Microsoft Visual Studio Solution File, Format Version 12.00
# Visual Studio Version 17
VisualStudioVersion = 17.7.34024.191
MinimumVisualStudioVersion = 10.0.40219.1
Project("{9A19103F-16F7-4668-BE54-9A1E7A4F7556}") = "kursach", "kursach\kursach.csproj", "{BBB9D32F-893B-403B-8355-CC97BEBAB5BF}"
EndProject
Project("{FAE04EC0-301F-11D3-BF4B-00C04F79EFBC}") = "ClassLibrary", "ClassLibrary\ClassLibrary.csproj", "{8AB1E34C-3BD2-492C-8DEC-E98F18B30D12}"
EndProject
Global
	GlobalSection(SolutionConfigurationPlatforms) = preSolution
		Debug|Any CPU = Debug|Any CPU
		Release|Any CPU = Release|Any CPU
	EndGlobalSection
	GlobalSection(ProjectConfigurationPlatforms) = postSolution
		{BBB9D32F-893B-403B-8355-CC97BEBAB5BF}.Debug|Any CPU.ActiveCfg = Debug|Any CPU
		{BBB9D32F-893B-403B-8355-CC97BEBAB5BF}.Debug|Any CPU.Build.0 = Debug|Any CPU
		{BBB9D32F-893B-403B-8355-CC97BEBAB5BF}.Release|Any CPU.ActiveCfg = Release|Any CPU
		{BBB9D32F-893B-403B-8355-CC97BEBAB5BF}.Release|Any CPU.Build.0 = Release|Any CPU
		{8AB1E34C-3BD2-492C-8DEC-E98F18B30D12}.Debug|Any CPU.ActiveCfg = Debug|Any CPU
		{8AB1E34C-3BD2-492C-8DEC-E98F18B30D12}.Debug|Any CPU.Build.0 = Debug|Any CPU
		{8AB1E34C-3BD2-492C-8DEC-E98F18B30D12}.Release|Any CPU.ActiveCfg = Release|Any CPU
		{8AB1E34C-3BD2-492C-8DEC-E98F18B30D12}.Release|Any CPU.Build.0 = Release|Any CPU
	EndGlobalSection
	GlobalSection(SolutionProperties) = preSolution
		HideSolutionNode = FALSE
	EndGlobalSection
	GlobalSection(ExtensibilityGlobals) = postSolution
		SolutionGuid = {F4A4EC66-C096-4EF5-997C-073E0A83215D}
	EndGlobalSection
EndGlobal
